
Microsoft Visual Studio Solution File, Format Version 12.00
# Visual Studio Version 17
VisualStudioVersion = 17.4.33205.214
MinimumVisualStudioVersion = 10.0.40219.1
Project("{FAE04EC0-301F-11D3-BF4B-00C04F79EFBC}") = "Project", "Project\Project.csproj", "{A049CA4E-660D-466A-9092-DC5CEF1A2F7A}"
EndProject
Global
	GlobalSection(SolutionConfigurationPlatforms) = preSolution
		Debug|Any CPU = Debug|Any CPU
		Release|Any CPU = Release|Any CPU
	EndGlobalSection
	GlobalSection(ProjectConfigurationPlatforms) = postSolution
		{A049CA4E-660D-466A-9092-DC5CEF1A2F7A}.Debug|Any CPU.ActiveCfg = Debug|Any CPU
		{A049CA4E-660D-466A-9092-DC5CEF1A2F7A}.Debug|Any CPU.Build.0 = Debug|Any CPU
		{A049CA4E-660D-466A-9092-DC5CEF1A2F7A}.Release|Any CPU.ActiveCfg = Release|Any CPU
		{A049CA4E-660D-466A-9092-DC5CEF1A2F7A}.Release|Any CPU.Build.0 = Release|Any CPU
	EndGlobalSection
	GlobalSection(SolutionProperties) = preSolution
		HideSolutionNode = FALSE
	EndGlobalSection
	GlobalSection(ExtensibilityGlobals) = postSolution
		SolutionGuid = {69FFC77E-C862-4D99-9072-DD97269E067B}
	EndGlobalSection
EndGlobal
